
Microsoft Visual Studio Solution File, Format Version 12.00
# Visual Studio Version 17
VisualStudioVersion = 17.4.33205.214
MinimumVisualStudioVersion = 10.0.40219.1
Project("{FAE04EC0-301F-11D3-BF4B-00C04F79EFBC}") = "VehicleSalesStore", "VehicleSalesStore\VehicleSalesStore.csproj", "{BE129F2A-5DAF-4400-AC47-79EFAD6D09C6}"
EndProject
Global
	GlobalSection(SolutionConfigurationPlatforms) = preSolution
		Debug|Any CPU = Debug|Any CPU
		Release|Any CPU = Release|Any CPU
	EndGlobalSection
	GlobalSection(ProjectConfigurationPlatforms) = postSolution
		{BE129F2A-5DAF-4400-AC47-79EFAD6D09C6}.Debug|Any CPU.ActiveCfg = Debug|Any CPU
		{BE129F2A-5DAF-4400-AC47-79EFAD6D09C6}.Debug|Any CPU.Build.0 = Debug|Any CPU
		{BE129F2A-5DAF-4400-AC47-79EFAD6D09C6}.Release|Any CPU.ActiveCfg = Release|Any CPU
		{BE129F2A-5DAF-4400-AC47-79EFAD6D09C6}.Release|Any CPU.Build.0 = Release|Any CPU
	EndGlobalSection
	GlobalSection(SolutionProperties) = preSolution
		HideSolutionNode = FALSE
	EndGlobalSection
	GlobalSection(ExtensibilityGlobals) = postSolution
		SolutionGuid = {210CC0D1-7E6F-4107-B286-AA13BFDBE343}
	EndGlobalSection
EndGlobal
